// !$*UTF8*$!
{
	archiveVersion = 1;
	classes = {
	};
	objectVersion = 46;
	objects = {

/* Begin PBXBuildFile section */
		1812BDC01E5ADD4E00538EAA /* AppDelegate.swift in Sources */ = {isa = PBXBuildFile; fileRef = 1812BDBF1E5ADD4E00538EAA /* AppDelegate.swift */; };
		1812BDC21E5ADD4E00538EAA /* ViewController.swift in Sources */ = {isa = PBXBuildFile; fileRef = 1812BDC11E5ADD4E00538EAA /* ViewController.swift */; };
		1812BDC51E5ADD4E00538EAA /* Main.storyboard in Resources */ = {isa = PBXBuildFile; fileRef = 1812BDC31E5ADD4E00538EAA /* Main.storyboard */; };
		1812BDC71E5ADD4E00538EAA /* Assets.xcassets in Resources */ = {isa = PBXBuildFile; fileRef = 1812BDC61E5ADD4E00538EAA /* Assets.xcassets */; };
		1812BDCA1E5ADD4E00538EAA /* LaunchScreen.storyboard in Resources */ = {isa = PBXBuildFile; fileRef = 1812BDC81E5ADD4E00538EAA /* LaunchScreen.storyboard */; };
		1812BDD51E5ADD4E00538EAA /* calendarTests.swift in Sources */ = {isa = PBXBuildFile; fileRef = 1812BDD41E5ADD4E00538EAA /* calendarTests.swift */; };
		1812BDE01E5ADD4E00538EAA /* calendarUITests.swift in Sources */ = {isa = PBXBuildFile; fileRef = 1812BDDF1E5ADD4E00538EAA /* calendarUITests.swift */; };
/* End PBXBuildFile section */

/* Begin PBXContainerItemProxy section */
		1812BDD11E5ADD4E00538EAA /* PBXContainerItemProxy */ = {
			isa = PBXContainerItemProxy;
			containerPortal = 1812BDB41E5ADD4E00538EAA /* Project object */;
			proxyType = 1;
			remoteGlobalIDString = 1812BDBB1E5ADD4E00538EAA;
			remoteInfo = calendar;
		};
		1812BDDC1E5ADD4E00538EAA /* PBXContainerItemProxy */ = {
			isa = PBXContainerItemProxy;
			containerPortal = 1812BDB41E5ADD4E00538EAA /* Project object */;
			proxyType = 1;
			remoteGlobalIDString = 1812BDBB1E5ADD4E00538EAA;
			remoteInfo = calendar;
		};
/* End PBXContainerItemProxy section */

/* Begin PBXFileReference section */
		1812BDBC1E5ADD4E00538EAA /* calendar.app */ = {isa = PBXFileReference; explicitFileType = wrapper.application; includeInIndex = 0; path = calendar.app; sourceTree = BUILT_PRODUCTS_DIR; };
		1812BDBF1E5ADD4E00538EAA /* AppDelegate.swift */ = {isa = PBXFileReference; lastKnownFileType = sourcecode.swift; path = AppDelegate.swift; sourceTree = "<group>"; };
		1812BDC11E5ADD4E00538EAA /* ViewController.swift */ = {isa = PBXFileReference; lastKnownFileType = sourcecode.swift; path = ViewController.swift; sourceTree = "<group>"; };
		1812BDC41E5ADD4E00538EAA /* Base */ = {isa = PBXFileReference; lastKnownFileType = file.storyboard; name = Base; path = Base.lproj/Main.storyboard; sourceTree = "<group>"; };
		1812BDC61E5ADD4E00538EAA /* Assets.xcassets */ = {isa = PBXFileReference; lastKnownFileType = folder.assetcatalog; path = Assets.xcassets; sourceTree = "<group>"; };
		1812BDC91E5ADD4E00538EAA /* Base */ = {isa = PBXFileReference; lastKnownFileType = file.storyboard; name = Base; path = Base.lproj/LaunchScreen.storyboard; sourceTree = "<group>"; };
		1812BDCB1E5ADD4E00538EAA /* Info.plist */ = {isa = PBXFileReference; lastKnownFileType = text.plist.xml; path = Info.plist; sourceTree = "<group>"; };
		1812BDD01E5ADD4E00538EAA /* calendarTests.xctest */ = {isa = PBXFileReference; explicitFileType = wrapper.cfbundle; includeInIndex = 0; path = calendarTests.xctest; sourceTree = BUILT_PRODUCTS_DIR; };
		1812BDD41E5ADD4E00538EAA /* calendarTests.swift */ = {isa = PBXFileReference; lastKnownFileType = sourcecode.swift; path = calendarTests.swift; sourceTree = "<group>"; };
		1812BDD61E5ADD4E00538EAA /* Info.plist */ = {isa = PBXFileReference; lastKnownFileType = text.plist.xml; path = Info.plist; sourceTree = "<group>"; };
		1812BDDB1E5ADD4E00538EAA /* calendarUITests.xctest */ = {isa = PBXFileReference; explicitFileType = wrapper.cfbundle; includeInIndex = 0; path = calendarUITests.xctest; sourceTree = BUILT_PRODUCTS_DIR; };
		1812BDDF1E5ADD4E00538EAA /* calendarUITests.swift */ = {isa = PBXFileReference; lastKnownFileType = sourcecode.swift; path = calendarUITests.swift; sourceTree = "<group>"; };
		1812BDE11E5ADD4E00538EAA /* Info.plist */ = {isa = PBXFileReference; lastKnownFileType = text.plist.xml; path = Info.plist; sourceTree = "<group>"; };
/* End PBXFileReference section */

/* Begin PBXFrameworksBuildPhase section */
		1812BDB91E5ADD4E00538EAA /* Frameworks */ = {
			isa = PBXFrameworksBuildPhase;
			buildActionMask = 2147483647;
			files = (
			);
			runOnlyForDeploymentPostprocessing = 0;
		};
		1812BDCD1E5ADD4E00538EAA /* Frameworks */ = {
			isa = PBXFrameworksBuildPhase;
			buildActionMask = 2147483647;
			files = (
			);
			runOnlyForDeploymentPostprocessing = 0;
		};
		1812BDD81E5ADD4E00538EAA /* Frameworks */ = {
			isa = PBXFrameworksBuildPhase;
			buildActionMask = 2147483647;
			files = (
			);
			runOnlyForDeploymentPostprocessing = 0;
		};
/* End PBXFrameworksBuildPhase section */

/* Begin PBXGroup section */
		1812BDB31E5ADD4E00538EAA = {
			isa = PBXGroup;
			children = (
				1812BDBE1E5ADD4E00538EAA /* calendar */,
				1812BDD31E5ADD4E00538EAA /* calendarTests */,
				1812BDDE1E5ADD4E00538EAA /* calendarUITests */,
				1812BDBD1E5ADD4E00538EAA /* Products */,
			);
			sourceTree = "<group>";
		};
		1812BDBD1E5ADD4E00538EAA /* Products */ = {
			isa = PBXGroup;
			children = (
				1812BDBC1E5ADD4E00538EAA /* calendar.app */,
				1812BDD01E5ADD4E00538EAA /* calendarTests.xctest */,
				1812BDDB1E5ADD4E00538EAA /* calendarUITests.xctest */,
			);
			name = Products;
			sourceTree = "<group>";
		};
		1812BDBE1E5ADD4E00538EAA /* calendar */ = {
			isa = PBXGroup;
			children = (
				1812BDBF1E5ADD4E00538EAA /* AppDelegate.swift */,
				1812BDC11E5ADD4E00538EAA /* ViewController.swift */,
				1812BDC31E5ADD4E00538EAA /* Main.storyboard */,
				1812BDC61E5ADD4E00538EAA /* Assets.xcassets */,
				1812BDC81E5ADD4E00538EAA /* LaunchScreen.storyboard */,
				1812BDCB1E5ADD4E00538EAA /* Info.plist */,
			);
			path = calendar;
			sourceTree = "<group>";
		};
		1812BDD31E5ADD4E00538EAA /* calendarTests */ = {
			isa = PBXGroup;
			children = (
				1812BDD41E5ADD4E00538EAA /* calendarTests.swift */,
				1812BDD61E5ADD4E00538EAA /* Info.plist */,
			);
			path = calendarTests;
			sourceTree = "<group>";
		};
		1812BDDE1E5ADD4E00538EAA /* calendarUITests */ = {
			isa = PBXGroup;
			children = (
				1812BDDF1E5ADD4E00538EAA /* calendarUITests.swift */,
				1812BDE11E5ADD4E00538EAA /* Info.plist */,
			);
			path = calendarUITests;
			sourceTree = "<group>";
		};
/* End PBXGroup section */

/* Begin PBXNativeTarget section */
		1812BDBB1E5ADD4E00538EAA /* calendar */ = {
			isa = PBXNativeTarget;
			buildConfigurationList = 1812BDE41E5ADD4E00538EAA /* Build configuration list for PBXNativeTarget "calendar" */;
			buildPhases = (
				1812BDB81E5ADD4E00538EAA /* Sources */,
				1812BDB91E5ADD4E00538EAA /* Frameworks */,
				1812BDBA1E5ADD4E00538EAA /* Resources */,
			);
			buildRules = (
			);
			dependencies = (
			);
			name = calendar;
			productName = calendar;
			productReference = 1812BDBC1E5ADD4E00538EAA /* calendar.app */;
			productType = "com.apple.product-type.application";
		};
		1812BDCF1E5ADD4E00538EAA /* calendarTests */ = {
			isa = PBXNativeTarget;
			buildConfigurationList = 1812BDE71E5ADD4E00538EAA /* Build configuration list for PBXNativeTarget "calendarTests" */;
			buildPhases = (
				1812BDCC1E5ADD4E00538EAA /* Sources */,
				1812BDCD1E5ADD4E00538EAA /* Frameworks */,
				1812BDCE1E5ADD4E00538EAA /* Resources */,
			);
			buildRules = (
			);
			dependencies = (
				1812BDD21E5ADD4E00538EAA /* PBXTargetDependency */,
			);
			name = calendarTests;
			productName = calendarTests;
			productReference = 1812BDD01E5ADD4E00538EAA /* calendarTests.xctest */;
			productType = "com.apple.product-type.bundle.unit-test";
		};
		1812BDDA1E5ADD4E00538EAA /* calendarUITests */ = {
			isa = PBXNativeTarget;
			buildConfigurationList = 1812BDEA1E5ADD4E00538EAA /* Build configuration list for PBXNativeTarget "calendarUITests" */;
			buildPhases = (
				1812BDD71E5ADD4E00538EAA /* Sources */,
				1812BDD81E5ADD4E00538EAA /* Frameworks */,
				1812BDD91E5ADD4E00538EAA /* Resources */,
			);
			buildRules = (
			);
			dependencies = (
				1812BDDD1E5ADD4E00538EAA /* PBXTargetDependency */,
			);
			name = calendarUITests;
			productName = calendarUITests;
			productReference = 1812BDDB1E5ADD4E00538EAA /* calendarUITests.xctest */;
			productType = "com.apple.product-type.bundle.ui-testing";
		};
/* End PBXNativeTarget section */

/* Begin PBXProject section */
		1812BDB41E5ADD4E00538EAA /* Project object */ = {
			isa = PBXProject;
			attributes = {
				LastSwiftUpdateCheck = 0820;
				LastUpgradeCheck = 0820;
				ORGANIZATIONNAME = Chuckie;
				TargetAttributes = {
					1812BDBB1E5ADD4E00538EAA = {
						CreatedOnToolsVersion = 8.2.1;
						DevelopmentTeam = 9952GK694Z;
						ProvisioningStyle = Automatic;
					};
					1812BDCF1E5ADD4E00538EAA = {
						CreatedOnToolsVersion = 8.2.1;
						DevelopmentTeam = 9952GK694Z;
						ProvisioningStyle = Automatic;
						TestTargetID = 1812BDBB1E5ADD4E00538EAA;
					};
					1812BDDA1E5ADD4E00538EAA = {
						CreatedOnToolsVersion = 8.2.1;
						DevelopmentTeam = 9952GK694Z;
						ProvisioningStyle = Automatic;
						TestTargetID = 1812BDBB1E5ADD4E00538EAA;
					};
				};
			};
			buildConfigurationList = 1812BDB71E5ADD4E00538EAA /* Build configuration list for PBXProject "calendar" */;
			compatibilityVersion = "Xcode 3.2";
			developmentRegion = English;
			hasScannedForEncodings = 0;
			knownRegions = (
				en,
				Base,
			);
			mainGroup = 1812BDB31E5ADD4E00538EAA;
			productRefGroup = 1812BDBD1E5ADD4E00538EAA /* Products */;
			projectDirPath = "";
			projectRoot = "";
			targets = (
				1812BDBB1E5ADD4E00538EAA /* calendar */,
				1812BDCF1E5ADD4E00538EAA /* calendarTests */,
				1812BDDA1E5ADD4E00538EAA /* calendarUITests */,
			);
		};
/* End PBXProject section */

/* Begin PBXResourcesBuildPhase section */
		1812BDBA1E5ADD4E00538EAA /* Resources */ = {
			isa = PBXResourcesBuildPhase;
			buildActionMask = 2147483647;
			files = (
				1812BDCA1E5ADD4E00538EAA /* LaunchScreen.storyboard in Resources */,
				1812BDC71E5ADD4E00538EAA /* Assets.xcassets in Resources */,
				1812BDC51E5ADD4E00538EAA /* Main.storyboard in Resources */,
			);
			runOnlyForDeploymentPostprocessing = 0;
		};
		1812BDCE1E5ADD4E00538EAA /* Resources */ = {
			isa = PBXResourcesBuildPhase;
			buildActionMask = 2147483647;
			files = (
			);
			runOnlyForDeploymentPostprocessing = 0;
		};
		1812BDD91E5ADD4E00538EAA /* Resources */ = {
			isa = PBXResourcesBuildPhase;
			buildActionMask = 2147483647;
			files = (
			);
			runOnlyForDeploymentPostprocessing = 0;
		};
/* End PBXResourcesBuildPhase section */

/* Begin PBXSourcesBuildPhase section */
		1812BDB81E5ADD4E00538EAA /* Sources */ = {
			isa = PBXSourcesBuildPhase;
			buildActionMask = 2147483647;
			files = (
				1812BDC21E5ADD4E00538EAA /* ViewController.swift in Sources */,
				1812BDC01E5ADD4E00538EAA /* AppDelegate.swift in Sources */,
			);
			runOnlyForDeploymentPostprocessing = 0;
		};
		1812BDCC1E5ADD4E00538EAA /* Sources */ = {
			isa = PBXSourcesBuildPhase;
			buildActionMask = 2147483647;
			files = (
				1812BDD51E5ADD4E00538EAA /* calendarTests.swift in Sources */,
			);
			runOnlyForDeploymentPostprocessing = 0;
		};
		1812BDD71E5ADD4E00538EAA /* Sources */ = {
			isa = PBXSourcesBuildPhase;
			buildActionMask = 2147483647;
			files = (
				1812BDE01E5ADD4E00538EAA /* calendarUITests.swift in Sources */,
			);
			runOnlyForDeploymentPostprocessing = 0;
		};
/* End PBXSourcesBuildPhase section */

/* Begin PBXTargetDependency section */
		1812BDD21E5ADD4E00538EAA /* PBXTargetDependency */ = {
			isa = PBXTargetDependency;
			target = 1812BDBB1E5ADD4E00538EAA /* calendar */;
			targetProxy = 1812BDD11E5ADD4E00538EAA /* PBXContainerItemProxy */;
		};
		1812BDDD1E5ADD4E00538EAA /* PBXTargetDependency */ = {
			isa = PBXTargetDependency;
			target = 1812BDBB1E5ADD4E00538EAA /* calendar */;
			targetProxy = 1812BDDC1E5ADD4E00538EAA /* PBXContainerItemProxy */;
		};
/* End PBXTargetDependency section */

/* Begin PBXVariantGroup section */
		1812BDC31E5ADD4E00538EAA /* Main.storyboard */ = {
			isa = PBXVariantGroup;
			children = (
				1812BDC41E5ADD4E00538EAA /* Base */,
			);
			name = Main.storyboard;
			sourceTree = "<group>";
		};
		1812BDC81E5ADD4E00538EAA /* LaunchScreen.storyboard */ = {
			isa = PBXVariantGroup;
			children = (
				1812BDC91E5ADD4E00538EAA /* Base */,
			);
			name = LaunchScreen.storyboard;
			sourceTree = "<group>";
		};
/* End PBXVariantGroup section */

/* Begin XCBuildConfiguration section */
		1812BDE21E5ADD4E00538EAA /* Debug */ = {
			isa = XCBuildConfiguration;
			buildSettings = {
				ALWAYS_SEARCH_USER_PATHS = NO;
				CLANG_ANALYZER_NONNULL = YES;
				CLANG_CXX_LANGUAGE_STANDARD = "gnu++0x";
				CLANG_CXX_LIBRARY = "libc++";
				CLANG_ENABLE_MODULES = YES;
				CLANG_ENABLE_OBJC_ARC = YES;
				CLANG_WARN_BOOL_CONVERSION = YES;
				CLANG_WARN_CONSTANT_CONVERSION = YES;
				CLANG_WARN_DIRECT_OBJC_ISA_USAGE = YES_ERROR;
				CLANG_WARN_DOCUMENTATION_COMMENTS = YES;
				CLANG_WARN_EMPTY_BODY = YES;
				CLANG_WARN_ENUM_CONVERSION = YES;
				CLANG_WARN_INFINITE_RECURSION = YES;
				CLANG_WARN_INT_CONVERSION = YES;
				CLANG_WARN_OBJC_ROOT_CLASS = YES_ERROR;
				CLANG_WARN_SUSPICIOUS_MOVE = YES;
				CLANG_WARN_UNREACHABLE_CODE = YES;
				CLANG_WARN__DUPLICATE_METHOD_MATCH = YES;
				"CODE_SIGN_IDENTITY[sdk=iphoneos*]" = "iPhone Developer";
				COPY_PHASE_STRIP = NO;
				DEBUG_INFORMATION_FORMAT = dwarf;
				ENABLE_STRICT_OBJC_MSGSEND = YES;
				ENABLE_TESTABILITY = YES;
				GCC_C_LANGUAGE_STANDARD = gnu99;
				GCC_DYNAMIC_NO_PIC = NO;
				GCC_NO_COMMON_BLOCKS = YES;
				GCC_OPTIMIZATION_LEVEL = 0;
				GCC_PREPROCESSOR_DEFINITIONS = (
					"DEBUG=1",
					"$(inherited)",
				);
				GCC_WARN_64_TO_32_BIT_CONVERSION = YES;
				GCC_WARN_ABOUT_RETURN_TYPE = YES_ERROR;
				GCC_WARN_UNDECLARED_SELECTOR = YES;
				GCC_WARN_UNINITIALIZED_AUTOS = YES_AGGRESSIVE;
				GCC_WARN_UNUSED_FUNCTION = YES;
				GCC_WARN_UNUSED_VARIABLE = YES;
				IPHONEOS_DEPLOYMENT_TARGET = 10.2;
				MTL_ENABLE_DEBUG_INFO = YES;
				ONLY_ACTIVE_ARCH = YES;
				SDKROOT = iphoneos;
				SWIFT_ACTIVE_COMPILATION_CONDITIONS = DEBUG;
				SWIFT_OPTIMIZATION_LEVEL = "-Onone";
				TARGETED_DEVICE_FAMILY = "1,2";
			};
			name = Debug;
		};
		1812BDE31E5ADD4E00538EAA /* Release */ = {
			isa = XCBuildConfiguration;
			buildSettings = {
				ALWAYS_SEARCH_USER_PATHS = NO;
				CLANG_ANALYZER_NONNULL = YES;
				CLANG_CXX_LANGUAGE_STANDARD = "gnu++0x";
				CLANG_CXX_LIBRARY = "libc++";
				CLANG_ENABLE_MODULES = YES;
				CLANG_ENABLE_OBJC_ARC = YES;
				CLANG_WARN_BOOL_CONVERSION = YES;
				CLANG_WARN_CONSTANT_CONVERSION = YES;
				CLANG_WARN_DIRECT_OBJC_ISA_USAGE = YES_ERROR;
				CLANG_WARN_DOCUMENTATION_COMMENTS = YES;
				CLANG_WARN_EMPTY_BODY = YES;
				CLANG_WARN_ENUM_CONVERSION = YES;
				CLANG_WARN_INFINITE_RECURSION = YES;
				CLANG_WARN_INT_CONVERSION = YES;
				CLANG_WARN_OBJC_ROOT_CLASS = YES_ERROR;
				CLANG_WARN_SUSPICIOUS_MOVE = YES;
				CLANG_WARN_UNREACHABLE_CODE = YES;
				CLANG_WARN__DUPLICATE_METHOD_MATCH = YES;
				"CODE_SIGN_IDENTITY[sdk=iphoneos*]" = "iPhone Developer";
				COPY_PHASE_STRIP = NO;
				DEBUG_INFORMATION_FORMAT = "dwarf-with-dsym";
				ENABLE_NS_ASSERTIONS = NO;
				ENABLE_STRICT_OBJC_MSGSEND = YES;
				GCC_C_LANGUAGE_STANDARD = gnu99;
				GCC_NO_COMMON_BLOCKS = YES;
				GCC_WARN_64_TO_32_BIT_CONVERSION = YES;
				GCC_WARN_ABOUT_RETURN_TYPE = YES_ERROR;
				GCC_WARN_UNDECLARED_SELECTOR = YES;
				GCC_WARN_UNINITIALIZED_AUTOS = YES_AGGRESSIVE;
				GCC_WARN_UNUSED_FUNCTION = YES;
				GCC_WARN_UNUSED_VARIABLE = YES;
				IPHONEOS_DEPLOYMENT_TARGET = 10.2;
				MTL_ENABLE_DEBUG_INFO = NO;
				SDKROOT = iphoneos;
				SWIFT_OPTIMIZATION_LEVEL = "-Owholemodule";
				TARGETED_DEVICE_FAMILY = "1,2";
				VALIDATE_PRODUCT = YES;
			};
			name = Release;
		};
		1812BDE51E5ADD4E00538EAA /* Debug */ = {
			isa = XCBuildConfiguration;
			buildSettings = {
				ASSETCATALOG_COMPILER_APPICON_NAME = AppIcon;
				DEVELOPMENT_TEAM = 9952GK694Z;
				INFOPLIST_FILE = calendar/Info.plist;
				LD_RUNPATH_SEARCH_PATHS = "$(inherited) @executable_path/Frameworks";
				PRODUCT_BUNDLE_IDENTIFIER = com.AIATechnologySharedServices.calendar;
				PRODUCT_NAME = "$(TARGET_NAME)";
				SWIFT_VERSION = 3.0;
			};
			name = Debug;
		};
		1812BDE61E5ADD4E00538EAA /* Release */ = {
			isa = XCBuildConfiguration;
			buildSettings = {
				ASSETCATALOG_COMPILER_APPICON_NAME = AppIcon;
				DEVELOPMENT_TEAM = 9952GK694Z;
				INFOPLIST_FILE = calendar/Info.plist;
				LD_RUNPATH_SEARCH_PATHS = "$(inherited) @executable_path/Frameworks";
				PRODUCT_BUNDLE_IDENTIFIER = com.AIATechnologySharedServices.calendar;
				PRODUCT_NAME = "$(TARGET_NAME)";
				SWIFT_VERSION = 3.0;
			};
			name = Release;
		};
		1812BDE81E5ADD4E00538EAA /* Debug */ = {
			isa = XCBuildConfiguration;
			buildSettings = {
				ALWAYS_EMBED_SWIFT_STANDARD_LIBRARIES = YES;
				BUNDLE_LOADER = "$(TEST_HOST)";
				DEVELOPMENT_TEAM = 9952GK694Z;
				INFOPLIST_FILE = calendarTests/Info.plist;
				LD_RUNPATH_SEARCH_PATHS = "$(inherited) @executable_path/Frameworks @loader_path/Frameworks";
				PRODUCT_BUNDLE_IDENTIFIER = com.AIATechnologySharedServices.calendarTests;
				PRODUCT_NAME = "$(TARGET_NAME)";
				SWIFT_VERSION = 3.0;
				TEST_HOST = "$(BUILT_PRODUCTS_DIR)/calendar.app/calendar";
			};
			name = Debug;
		};
		1812BDE91E5ADD4E00538EAA /* Release */ = {
			isa = XCBuildConfiguration;
			buildSettings = {
				ALWAYS_EMBED_SWIFT_STANDARD_LIBRARIES = YES;
				BUNDLE_LOADER = "$(TEST_HOST)";
				DEVELOPMENT_TEAM = 9952GK694Z;
				INFOPLIST_FILE = calendarTests/Info.plist;
				LD_RUNPATH_SEARCH_PATHS = "$(inherited) @executable_path/Frameworks @loader_path/Frameworks";
				PRODUCT_BUNDLE_IDENTIFIER = com.AIATechnologySharedServices.calendarTests;
				PRODUCT_NAME = "$(TARGET_NAME)";
				SWIFT_VERSION = 3.0;
				TEST_HOST = "$(BUILT_PRODUCTS_DIR)/calendar.app/calendar";
			};
			name = Release;
		};
		1812BDEB1E5ADD4E00538EAA /* Debug */ = {
			isa = XCBuildConfiguration;
			buildSettings = {
				ALWAYS_EMBED_SWIFT_STANDARD_LIBRARIES = YES;
				DEVELOPMENT_TEAM = 9952GK694Z;
				INFOPLIST_FILE = calendarUITests/Info.plist;
				LD_RUNPATH_SEARCH_PATHS = "$(inherited) @executable_path/Frameworks @loader_path/Frameworks";
				PRODUCT_BUNDLE_IDENTIFIER = com.AIATechnologySharedServices.calendarUITests;
				PRODUCT_NAME = "$(TARGET_NAME)";
				SWIFT_VERSION = 3.0;
				TEST_TARGET_NAME = calendar;
			};
			name = Debug;
		};
		1812BDEC1E5ADD4E00538EAA /* Release */ = {
			isa = XCBuildConfiguration;
			buildSettings = {
				ALWAYS_EMBED_SWIFT_STANDARD_LIBRARIES = YES;
				DEVELOPMENT_TEAM = 9952GK694Z;
				INFOPLIST_FILE = calendarUITests/Info.plist;
				LD_RUNPATH_SEARCH_PATHS = "$(inherited) @executable_path/Frameworks @loader_path/Frameworks";
				PRODUCT_BUNDLE_IDENTIFIER = com.AIATechnologySharedServices.calendarUITests;
				PRODUCT_NAME = "$(TARGET_NAME)";
				SWIFT_VERSION = 3.0;
				TEST_TARGET_NAME = calendar;
			};
			name = Release;
		};
/* End XCBuildConfiguration section */

/* Begin XCConfigurationList section */
		1812BDB71E5ADD4E00538EAA /* Build configuration list for PBXProject "calendar" */ = {
			isa = XCConfigurationList;
			buildConfigurations = (
				1812BDE21E5ADD4E00538EAA /* Debug */,
				1812BDE31E5ADD4E00538EAA /* Release */,
			);
			defaultConfigurationIsVisible = 0;
			defaultConfigurationName = Release;
		};
		1812BDE41E5ADD4E00538EAA /* Build configuration list for PBXNativeTarget "calendar" */ = {
			isa = XCConfigurationList;
			buildConfigurations = (
				1812BDE51E5ADD4E00538EAA /* Debug */,
				1812BDE61E5ADD4E00538EAA /* Release */,
			);
			defaultConfigurationIsVisible = 0;
		};
		1812BDE71E5ADD4E00538EAA /* Build configuration list for PBXNativeTarget "calendarTests" */ = {
			isa = XCConfigurationList;
			buildConfigurations = (
				1812BDE81E5ADD4E00538EAA /* Debug */,
				1812BDE91E5ADD4E00538EAA /* Release */,
			);
			defaultConfigurationIsVisible = 0;
		};
		1812BDEA1E5ADD4E00538EAA /* Build configuration list for PBXNativeTarget "calendarUITests" */ = {
			isa = XCConfigurationList;
			buildConfigurations = (
				1812BDEB1E5ADD4E00538EAA /* Debug */,
				1812BDEC1E5ADD4E00538EAA /* Release */,
			);
			defaultConfigurationIsVisible = 0;
		};
/* End XCConfigurationList section */
	};
	rootObject = 1812BDB41E5ADD4E00538EAA /* Project object */;
}
