// !$*UTF8*$!
{
	archiveVersion = 1;
	classes = {
	};
	objectVersion = 46;
	objects = {

/* Begin PBXBuildFile section */
		C4FC703D1E58020C008141E4 /* AppDelegate.swift in Sources */ = {isa = PBXBuildFile; fileRef = C4FC703C1E58020C008141E4 /* AppDelegate.swift */; };
		C4FC703F1E58020C008141E4 /* ViewController.swift in Sources */ = {isa = PBXBuildFile; fileRef = C4FC703E1E58020C008141E4 /* ViewController.swift */; };
		C4FC70421E58020C008141E4 /* Main.storyboard in Resources */ = {isa = PBXBuildFile; fileRef = C4FC70401E58020C008141E4 /* Main.storyboard */; };
		C4FC70441E58020C008141E4 /* Assets.xcassets in Resources */ = {isa = PBXBuildFile; fileRef = C4FC70431E58020C008141E4 /* Assets.xcassets */; };
		C4FC70471E58020C008141E4 /* LaunchScreen.storyboard in Resources */ = {isa = PBXBuildFile; fileRef = C4FC70451E58020C008141E4 /* LaunchScreen.storyboard */; };
		C4FC70521E58020D008141E4 /* TableViewTests.swift in Sources */ = {isa = PBXBuildFile; fileRef = C4FC70511E58020D008141E4 /* TableViewTests.swift */; };
		C4FC705D1E58020D008141E4 /* TableViewUITests.swift in Sources */ = {isa = PBXBuildFile; fileRef = C4FC705C1E58020D008141E4 /* TableViewUITests.swift */; };
/* End PBXBuildFile section */

/* Begin PBXContainerItemProxy section */
		C4FC704E1E58020D008141E4 /* PBXContainerItemProxy */ = {
			isa = PBXContainerItemProxy;
			containerPortal = C4FC70311E58020C008141E4 /* Project object */;
			proxyType = 1;
			remoteGlobalIDString = C4FC70381E58020C008141E4;
			remoteInfo = TableView;
		};
		C4FC70591E58020D008141E4 /* PBXContainerItemProxy */ = {
			isa = PBXContainerItemProxy;
			containerPortal = C4FC70311E58020C008141E4 /* Project object */;
			proxyType = 1;
			remoteGlobalIDString = C4FC70381E58020C008141E4;
			remoteInfo = TableView;
		};
/* End PBXContainerItemProxy section */

/* Begin PBXFileReference section */
		C4FC70391E58020C008141E4 /* TableView.app */ = {isa = PBXFileReference; explicitFileType = wrapper.application; includeInIndex = 0; path = TableView.app; sourceTree = BUILT_PRODUCTS_DIR; };
		C4FC703C1E58020C008141E4 /* AppDelegate.swift */ = {isa = PBXFileReference; lastKnownFileType = sourcecode.swift; path = AppDelegate.swift; sourceTree = "<group>"; };
		C4FC703E1E58020C008141E4 /* ViewController.swift */ = {isa = PBXFileReference; lastKnownFileType = sourcecode.swift; path = ViewController.swift; sourceTree = "<group>"; };
		C4FC70411E58020C008141E4 /* Base */ = {isa = PBXFileReference; lastKnownFileType = file.storyboard; name = Base; path = Base.lproj/Main.storyboard; sourceTree = "<group>"; };
		C4FC70431E58020C008141E4 /* Assets.xcassets */ = {isa = PBXFileReference; lastKnownFileType = folder.assetcatalog; path = Assets.xcassets; sourceTree = "<group>"; };
		C4FC70461E58020C008141E4 /* Base */ = {isa = PBXFileReference; lastKnownFileType = file.storyboard; name = Base; path = Base.lproj/LaunchScreen.storyboard; sourceTree = "<group>"; };
		C4FC70481E58020D008141E4 /* Info.plist */ = {isa = PBXFileReference; lastKnownFileType = text.plist.xml; path = Info.plist; sourceTree = "<group>"; };
		C4FC704D1E58020D008141E4 /* TableViewTests.xctest */ = {isa = PBXFileReference; explicitFileType = wrapper.cfbundle; includeInIndex = 0; path = TableViewTests.xctest; sourceTree = BUILT_PRODUCTS_DIR; };
		C4FC70511E58020D008141E4 /* TableViewTests.swift */ = {isa = PBXFileReference; lastKnownFileType = sourcecode.swift; path = TableViewTests.swift; sourceTree = "<group>"; };
		C4FC70531E58020D008141E4 /* Info.plist */ = {isa = PBXFileReference; lastKnownFileType = text.plist.xml; path = Info.plist; sourceTree = "<group>"; };
		C4FC70581E58020D008141E4 /* TableViewUITests.xctest */ = {isa = PBXFileReference; explicitFileType = wrapper.cfbundle; includeInIndex = 0; path = TableViewUITests.xctest; sourceTree = BUILT_PRODUCTS_DIR; };
		C4FC705C1E58020D008141E4 /* TableViewUITests.swift */ = {isa = PBXFileReference; lastKnownFileType = sourcecode.swift; path = TableViewUITests.swift; sourceTree = "<group>"; };
		C4FC705E1E58020D008141E4 /* Info.plist */ = {isa = PBXFileReference; lastKnownFileType = text.plist.xml; path = Info.plist; sourceTree = "<group>"; };
/* End PBXFileReference section */

/* Begin PBXFrameworksBuildPhase section */
		C4FC70361E58020C008141E4 /* Frameworks */ = {
			isa = PBXFrameworksBuildPhase;
			buildActionMask = 2147483647;
			files = (
			);
			runOnlyForDeploymentPostprocessing = 0;
		};
		C4FC704A1E58020D008141E4 /* Frameworks */ = {
			isa = PBXFrameworksBuildPhase;
			buildActionMask = 2147483647;
			files = (
			);
			runOnlyForDeploymentPostprocessing = 0;
		};
		C4FC70551E58020D008141E4 /* Frameworks */ = {
			isa = PBXFrameworksBuildPhase;
			buildActionMask = 2147483647;
			files = (
			);
			runOnlyForDeploymentPostprocessing = 0;
		};
/* End PBXFrameworksBuildPhase section */

/* Begin PBXGroup section */
		C4FC70301E58020C008141E4 = {
			isa = PBXGroup;
			children = (
				C4FC703B1E58020C008141E4 /* TableView */,
				C4FC70501E58020D008141E4 /* TableViewTests */,
				C4FC705B1E58020D008141E4 /* TableViewUITests */,
				C4FC703A1E58020C008141E4 /* Products */,
			);
			sourceTree = "<group>";
		};
		C4FC703A1E58020C008141E4 /* Products */ = {
			isa = PBXGroup;
			children = (
				C4FC70391E58020C008141E4 /* TableView.app */,
				C4FC704D1E58020D008141E4 /* TableViewTests.xctest */,
				C4FC70581E58020D008141E4 /* TableViewUITests.xctest */,
			);
			name = Products;
			sourceTree = "<group>";
		};
		C4FC703B1E58020C008141E4 /* TableView */ = {
			isa = PBXGroup;
			children = (
				C4FC703C1E58020C008141E4 /* AppDelegate.swift */,
				C4FC703E1E58020C008141E4 /* ViewController.swift */,
				C4FC70401E58020C008141E4 /* Main.storyboard */,
				C4FC70431E58020C008141E4 /* Assets.xcassets */,
				C4FC70451E58020C008141E4 /* LaunchScreen.storyboard */,
				C4FC70481E58020D008141E4 /* Info.plist */,
			);
			path = TableView;
			sourceTree = "<group>";
		};
		C4FC70501E58020D008141E4 /* TableViewTests */ = {
			isa = PBXGroup;
			children = (
				C4FC70511E58020D008141E4 /* TableViewTests.swift */,
				C4FC70531E58020D008141E4 /* Info.plist */,
			);
			path = TableViewTests;
			sourceTree = "<group>";
		};
		C4FC705B1E58020D008141E4 /* TableViewUITests */ = {
			isa = PBXGroup;
			children = (
				C4FC705C1E58020D008141E4 /* TableViewUITests.swift */,
				C4FC705E1E58020D008141E4 /* Info.plist */,
			);
			path = TableViewUITests;
			sourceTree = "<group>";
		};
/* End PBXGroup section */

/* Begin PBXNativeTarget section */
		C4FC70381E58020C008141E4 /* TableView */ = {
			isa = PBXNativeTarget;
			buildConfigurationList = C4FC70611E58020D008141E4 /* Build configuration list for PBXNativeTarget "TableView" */;
			buildPhases = (
				C4FC70351E58020C008141E4 /* Sources */,
				C4FC70361E58020C008141E4 /* Frameworks */,
				C4FC70371E58020C008141E4 /* Resources */,
			);
			buildRules = (
			);
			dependencies = (
			);
			name = TableView;
			productName = TableView;
			productReference = C4FC70391E58020C008141E4 /* TableView.app */;
			productType = "com.apple.product-type.application";
		};
		C4FC704C1E58020D008141E4 /* TableViewTests */ = {
			isa = PBXNativeTarget;
			buildConfigurationList = C4FC70641E58020D008141E4 /* Build configuration list for PBXNativeTarget "TableViewTests" */;
			buildPhases = (
				C4FC70491E58020D008141E4 /* Sources */,
				C4FC704A1E58020D008141E4 /* Frameworks */,
				C4FC704B1E58020D008141E4 /* Resources */,
			);
			buildRules = (
			);
			dependencies = (
				C4FC704F1E58020D008141E4 /* PBXTargetDependency */,
			);
			name = TableViewTests;
			productName = TableViewTests;
			productReference = C4FC704D1E58020D008141E4 /* TableViewTests.xctest */;
			productType = "com.apple.product-type.bundle.unit-test";
		};
		C4FC70571E58020D008141E4 /* TableViewUITests */ = {
			isa = PBXNativeTarget;
			buildConfigurationList = C4FC70671E58020D008141E4 /* Build configuration list for PBXNativeTarget "TableViewUITests" */;
			buildPhases = (
				C4FC70541E58020D008141E4 /* Sources */,
				C4FC70551E58020D008141E4 /* Frameworks */,
				C4FC70561E58020D008141E4 /* Resources */,
			);
			buildRules = (
			);
			dependencies = (
				C4FC705A1E58020D008141E4 /* PBXTargetDependency */,
			);
			name = TableViewUITests;
			productName = TableViewUITests;
			productReference = C4FC70581E58020D008141E4 /* TableViewUITests.xctest */;
			productType = "com.apple.product-type.bundle.ui-testing";
		};
/* End PBXNativeTarget section */

/* Begin PBXProject section */
		C4FC70311E58020C008141E4 /* Project object */ = {
			isa = PBXProject;
			attributes = {
				LastSwiftUpdateCheck = 0730;
				LastUpgradeCheck = 0730;
				ORGANIZATIONNAME = zww;
				TargetAttributes = {
					C4FC70381E58020C008141E4 = {
						CreatedOnToolsVersion = 7.3;
					};
					C4FC704C1E58020D008141E4 = {
						CreatedOnToolsVersion = 7.3;
						TestTargetID = C4FC70381E58020C008141E4;
					};
					C4FC70571E58020D008141E4 = {
						CreatedOnToolsVersion = 7.3;
						TestTargetID = C4FC70381E58020C008141E4;
					};
				};
			};
			buildConfigurationList = C4FC70341E58020C008141E4 /* Build configuration list for PBXProject "TableView" */;
			compatibilityVersion = "Xcode 3.2";
			developmentRegion = English;
			hasScannedForEncodings = 0;
			knownRegions = (
				en,
				Base,
			);
			mainGroup = C4FC70301E58020C008141E4;
			productRefGroup = C4FC703A1E58020C008141E4 /* Products */;
			projectDirPath = "";
			projectRoot = "";
			targets = (
				C4FC70381E58020C008141E4 /* TableView */,
				C4FC704C1E58020D008141E4 /* TableViewTests */,
				C4FC70571E58020D008141E4 /* TableViewUITests */,
			);
		};
/* End PBXProject section */

/* Begin PBXResourcesBuildPhase section */
		C4FC70371E58020C008141E4 /* Resources */ = {
			isa = PBXResourcesBuildPhase;
			buildActionMask = 2147483647;
			files = (
				C4FC70471E58020C008141E4 /* LaunchScreen.storyboard in Resources */,
				C4FC70441E58020C008141E4 /* Assets.xcassets in Resources */,
				C4FC70421E58020C008141E4 /* Main.storyboard in Resources */,
			);
			runOnlyForDeploymentPostprocessing = 0;
		};
		C4FC704B1E58020D008141E4 /* Resources */ = {
			isa = PBXResourcesBuildPhase;
			buildActionMask = 2147483647;
			files = (
			);
			runOnlyForDeploymentPostprocessing = 0;
		};
		C4FC70561E58020D008141E4 /* Resources */ = {
			isa = PBXResourcesBuildPhase;
			buildActionMask = 2147483647;
			files = (
			);
			runOnlyForDeploymentPostprocessing = 0;
		};
/* End PBXResourcesBuildPhase section */

/* Begin PBXSourcesBuildPhase section */
		C4FC70351E58020C008141E4 /* Sources */ = {
			isa = PBXSourcesBuildPhase;
			buildActionMask = 2147483647;
			files = (
				C4FC703F1E58020C008141E4 /* ViewController.swift in Sources */,
				C4FC703D1E58020C008141E4 /* AppDelegate.swift in Sources */,
			);
			runOnlyForDeploymentPostprocessing = 0;
		};
		C4FC70491E58020D008141E4 /* Sources */ = {
			isa = PBXSourcesBuildPhase;
			buildActionMask = 2147483647;
			files = (
				C4FC70521E58020D008141E4 /* TableViewTests.swift in Sources */,
			);
			runOnlyForDeploymentPostprocessing = 0;
		};
		C4FC70541E58020D008141E4 /* Sources */ = {
			isa = PBXSourcesBuildPhase;
			buildActionMask = 2147483647;
			files = (
				C4FC705D1E58020D008141E4 /* TableViewUITests.swift in Sources */,
			);
			runOnlyForDeploymentPostprocessing = 0;
		};
/* End PBXSourcesBuildPhase section */

/* Begin PBXTargetDependency section */
		C4FC704F1E58020D008141E4 /* PBXTargetDependency */ = {
			isa = PBXTargetDependency;
			target = C4FC70381E58020C008141E4 /* TableView */;
			targetProxy = C4FC704E1E58020D008141E4 /* PBXContainerItemProxy */;
		};
		C4FC705A1E58020D008141E4 /* PBXTargetDependency */ = {
			isa = PBXTargetDependency;
			target = C4FC70381E58020C008141E4 /* TableView */;
			targetProxy = C4FC70591E58020D008141E4 /* PBXContainerItemProxy */;
		};
/* End PBXTargetDependency section */

/* Begin PBXVariantGroup section */
		C4FC70401E58020C008141E4 /* Main.storyboard */ = {
			isa = PBXVariantGroup;
			children = (
				C4FC70411E58020C008141E4 /* Base */,
			);
			name = Main.storyboard;
			sourceTree = "<group>";
		};
		C4FC70451E58020C008141E4 /* LaunchScreen.storyboard */ = {
			isa = PBXVariantGroup;
			children = (
				C4FC70461E58020C008141E4 /* Base */,
			);
			name = LaunchScreen.storyboard;
			sourceTree = "<group>";
		};
/* End PBXVariantGroup section */

/* Begin XCBuildConfiguration section */
		C4FC705F1E58020D008141E4 /* Debug */ = {
			isa = XCBuildConfiguration;
			buildSettings = {
				ALWAYS_SEARCH_USER_PATHS = NO;
				CLANG_ANALYZER_NONNULL = YES;
				CLANG_CXX_LANGUAGE_STANDARD = "gnu++0x";
				CLANG_CXX_LIBRARY = "libc++";
				CLANG_ENABLE_MODULES = YES;
				CLANG_ENABLE_OBJC_ARC = YES;
				CLANG_WARN_BOOL_CONVERSION = YES;
				CLANG_WARN_CONSTANT_CONVERSION = YES;
				CLANG_WARN_DIRECT_OBJC_ISA_USAGE = YES_ERROR;
				CLANG_WARN_EMPTY_BODY = YES;
				CLANG_WARN_ENUM_CONVERSION = YES;
				CLANG_WARN_INT_CONVERSION = YES;
				CLANG_WARN_OBJC_ROOT_CLASS = YES_ERROR;
				CLANG_WARN_UNREACHABLE_CODE = YES;
				CLANG_WARN__DUPLICATE_METHOD_MATCH = YES;
				"CODE_SIGN_IDENTITY[sdk=iphoneos*]" = "iPhone Developer";
				COPY_PHASE_STRIP = NO;
				DEBUG_INFORMATION_FORMAT = dwarf;
				ENABLE_STRICT_OBJC_MSGSEND = YES;
				ENABLE_TESTABILITY = YES;
				GCC_C_LANGUAGE_STANDARD = gnu99;
				GCC_DYNAMIC_NO_PIC = NO;
				GCC_NO_COMMON_BLOCKS = YES;
				GCC_OPTIMIZATION_LEVEL = 0;
				GCC_PREPROCESSOR_DEFINITIONS = (
					"DEBUG=1",
					"$(inherited)",
				);
				GCC_WARN_64_TO_32_BIT_CONVERSION = YES;
				GCC_WARN_ABOUT_RETURN_TYPE = YES_ERROR;
				GCC_WARN_UNDECLARED_SELECTOR = YES;
				GCC_WARN_UNINITIALIZED_AUTOS = YES_AGGRESSIVE;
				GCC_WARN_UNUSED_FUNCTION = YES;
				GCC_WARN_UNUSED_VARIABLE = YES;
				IPHONEOS_DEPLOYMENT_TARGET = 9.3;
				MTL_ENABLE_DEBUG_INFO = YES;
				ONLY_ACTIVE_ARCH = YES;
				SDKROOT = iphoneos;
				SWIFT_OPTIMIZATION_LEVEL = "-Onone";
				TARGETED_DEVICE_FAMILY = "1,2";
			};
			name = Debug;
		};
		C4FC70601E58020D008141E4 /* Release */ = {
			isa = XCBuildConfiguration;
			buildSettings = {
				ALWAYS_SEARCH_USER_PATHS = NO;
				CLANG_ANALYZER_NONNULL = YES;
				CLANG_CXX_LANGUAGE_STANDARD = "gnu++0x";
				CLANG_CXX_LIBRARY = "libc++";
				CLANG_ENABLE_MODULES = YES;
				CLANG_ENABLE_OBJC_ARC = YES;
				CLANG_WARN_BOOL_CONVERSION = YES;
				CLANG_WARN_CONSTANT_CONVERSION = YES;
				CLANG_WARN_DIRECT_OBJC_ISA_USAGE = YES_ERROR;
				CLANG_WARN_EMPTY_BODY = YES;
				CLANG_WARN_ENUM_CONVERSION = YES;
				CLANG_WARN_INT_CONVERSION = YES;
				CLANG_WARN_OBJC_ROOT_CLASS = YES_ERROR;
				CLANG_WARN_UNREACHABLE_CODE = YES;
				CLANG_WARN__DUPLICATE_METHOD_MATCH = YES;
				"CODE_SIGN_IDENTITY[sdk=iphoneos*]" = "iPhone Developer";
				COPY_PHASE_STRIP = NO;
				DEBUG_INFORMATION_FORMAT = "dwarf-with-dsym";
				ENABLE_NS_ASSERTIONS = NO;
				ENABLE_STRICT_OBJC_MSGSEND = YES;
				GCC_C_LANGUAGE_STANDARD = gnu99;
				GCC_NO_COMMON_BLOCKS = YES;
				GCC_WARN_64_TO_32_BIT_CONVERSION = YES;
				GCC_WARN_ABOUT_RETURN_TYPE = YES_ERROR;
				GCC_WARN_UNDECLARED_SELECTOR = YES;
				GCC_WARN_UNINITIALIZED_AUTOS = YES_AGGRESSIVE;
				GCC_WARN_UNUSED_FUNCTION = YES;
				GCC_WARN_UNUSED_VARIABLE = YES;
				IPHONEOS_DEPLOYMENT_TARGET = 9.3;
				MTL_ENABLE_DEBUG_INFO = NO;
				SDKROOT = iphoneos;
				TARGETED_DEVICE_FAMILY = "1,2";
				VALIDATE_PRODUCT = YES;
			};
			name = Release;
		};
		C4FC70621E58020D008141E4 /* Debug */ = {
			isa = XCBuildConfiguration;
			buildSettings = {
				ASSETCATALOG_COMPILER_APPICON_NAME = AppIcon;
				INFOPLIST_FILE = TableView/Info.plist;
				LD_RUNPATH_SEARCH_PATHS = "$(inherited) @executable_path/Frameworks";
				PRODUCT_BUNDLE_IDENTIFIER = com.DMS.TableView;
				PRODUCT_NAME = "$(TARGET_NAME)";
			};
			name = Debug;
		};
		C4FC70631E58020D008141E4 /* Release */ = {
			isa = XCBuildConfiguration;
			buildSettings = {
				ASSETCATALOG_COMPILER_APPICON_NAME = AppIcon;
				INFOPLIST_FILE = TableView/Info.plist;
				LD_RUNPATH_SEARCH_PATHS = "$(inherited) @executable_path/Frameworks";
				PRODUCT_BUNDLE_IDENTIFIER = com.DMS.TableView;
				PRODUCT_NAME = "$(TARGET_NAME)";
			};
			name = Release;
		};
		C4FC70651E58020D008141E4 /* Debug */ = {
			isa = XCBuildConfiguration;
			buildSettings = {
				BUNDLE_LOADER = "$(TEST_HOST)";
				INFOPLIST_FILE = TableViewTests/Info.plist;
				LD_RUNPATH_SEARCH_PATHS = "$(inherited) @executable_path/Frameworks @loader_path/Frameworks";
				PRODUCT_BUNDLE_IDENTIFIER = com.DMS.TableViewTests;
				PRODUCT_NAME = "$(TARGET_NAME)";
				TEST_HOST = "$(BUILT_PRODUCTS_DIR)/TableView.app/TableView";
			};
			name = Debug;
		};
		C4FC70661E58020D008141E4 /* Release */ = {
			isa = XCBuildConfiguration;
			buildSettings = {
				BUNDLE_LOADER = "$(TEST_HOST)";
				INFOPLIST_FILE = TableViewTests/Info.plist;
				LD_RUNPATH_SEARCH_PATHS = "$(inherited) @executable_path/Frameworks @loader_path/Frameworks";
				PRODUCT_BUNDLE_IDENTIFIER = com.DMS.TableViewTests;
				PRODUCT_NAME = "$(TARGET_NAME)";
				TEST_HOST = "$(BUILT_PRODUCTS_DIR)/TableView.app/TableView";
			};
			name = Release;
		};
		C4FC70681E58020D008141E4 /* Debug */ = {
			isa = XCBuildConfiguration;
			buildSettings = {
				INFOPLIST_FILE = TableViewUITests/Info.plist;
				LD_RUNPATH_SEARCH_PATHS = "$(inherited) @executable_path/Frameworks @loader_path/Frameworks";
				PRODUCT_BUNDLE_IDENTIFIER = com.DMS.TableViewUITests;
				PRODUCT_NAME = "$(TARGET_NAME)";
				TEST_TARGET_NAME = TableView;
			};
			name = Debug;
		};
		C4FC70691E58020D008141E4 /* Release */ = {
			isa = XCBuildConfiguration;
			buildSettings = {
				INFOPLIST_FILE = TableViewUITests/Info.plist;
				LD_RUNPATH_SEARCH_PATHS = "$(inherited) @executable_path/Frameworks @loader_path/Frameworks";
				PRODUCT_BUNDLE_IDENTIFIER = com.DMS.TableViewUITests;
				PRODUCT_NAME = "$(TARGET_NAME)";
				TEST_TARGET_NAME = TableView;
			};
			name = Release;
		};
/* End XCBuildConfiguration section */

/* Begin XCConfigurationList section */
		C4FC70341E58020C008141E4 /* Build configuration list for PBXProject "TableView" */ = {
			isa = XCConfigurationList;
			buildConfigurations = (
				C4FC705F1E58020D008141E4 /* Debug */,
				C4FC70601E58020D008141E4 /* Release */,
			);
			defaultConfigurationIsVisible = 0;
			defaultConfigurationName = Release;
		};
		C4FC70611E58020D008141E4 /* Build configuration list for PBXNativeTarget "TableView" */ = {
			isa = XCConfigurationList;
			buildConfigurations = (
				C4FC70621E58020D008141E4 /* Debug */,
				C4FC70631E58020D008141E4 /* Release */,
			);
			defaultConfigurationIsVisible = 0;
		};
		C4FC70641E58020D008141E4 /* Build configuration list for PBXNativeTarget "TableViewTests" */ = {
			isa = XCConfigurationList;
			buildConfigurations = (
				C4FC70651E58020D008141E4 /* Debug */,
				C4FC70661E58020D008141E4 /* Release */,
			);
			defaultConfigurationIsVisible = 0;
		};
		C4FC70671E58020D008141E4 /* Build configuration list for PBXNativeTarget "TableViewUITests" */ = {
			isa = XCConfigurationList;
			buildConfigurations = (
				C4FC70681E58020D008141E4 /* Debug */,
				C4FC70691E58020D008141E4 /* Release */,
			);
			defaultConfigurationIsVisible = 0;
		};
/* End XCConfigurationList section */
	};
	rootObject = C4FC70311E58020C008141E4 /* Project object */;
}
